
Microsoft Visual Studio Solution File, Format Version 11.00
# Visual Studio 2010
Project("{FAE04EC0-301F-11D3-BF4B-00C04F79EFBC}") = "SharedPassword", "SharedPassword\SharedPassword.csproj", "{DAADB7A8-3C00-4461-BD8A-ADA3621E348E}"
EndProject
Global
	GlobalSection(SolutionConfigurationPlatforms) = preSolution
		Debug|x86 = Debug|x86
		Release|x86 = Release|x86
	EndGlobalSection
	GlobalSection(ProjectConfigurationPlatforms) = postSolution
		{DAADB7A8-3C00-4461-BD8A-ADA3621E348E}.Debug|x86.ActiveCfg = Debug|x86
		{DAADB7A8-3C00-4461-BD8A-ADA3621E348E}.Debug|x86.Build.0 = Debug|x86
		{DAADB7A8-3C00-4461-BD8A-ADA3621E348E}.Release|x86.ActiveCfg = Release|x86
		{DAADB7A8-3C00-4461-BD8A-ADA3621E348E}.Release|x86.Build.0 = Release|x86
	EndGlobalSection
	GlobalSection(SolutionProperties) = preSolution
		HideSolutionNode = FALSE
	EndGlobalSection
EndGlobal
